// !$*UTF8*$!
{
	archiveVersion = 1;
	classes = {
	};
	objectVersion = 56;
	objects = {

/* Begin PBXBuildFile section */
		D43A172A29DA90910068F0C7 /* SaWApp.swift in Sources */ = {isa = PBXBuildFile; fileRef = D43A172929DA90910068F0C7 /* SaWApp.swift */; };
		D43A172C29DA90910068F0C7 /* Persistence.swift in Sources */ = {isa = PBXBuildFile; fileRef = D43A172B29DA90910068F0C7 /* Persistence.swift */; };
		D43A172F29DA90910068F0C7 /* SaW.xcdatamodeld in Sources */ = {isa = PBXBuildFile; fileRef = D43A172D29DA90910068F0C7 /* SaW.xcdatamodeld */; };
		D43A173129DA90910068F0C7 /* ContentView.swift in Sources */ = {isa = PBXBuildFile; fileRef = D43A173029DA90910068F0C7 /* ContentView.swift */; };
		D43A173329DA90930068F0C7 /* Assets.xcassets in Resources */ = {isa = PBXBuildFile; fileRef = D43A173229DA90930068F0C7 /* Assets.xcassets */; };
		D43A173729DA90930068F0C7 /* Preview Assets.xcassets in Resources */ = {isa = PBXBuildFile; fileRef = D43A173629DA90930068F0C7 /* Preview Assets.xcassets */; };
		D43A174129DA90930068F0C7 /* SaWTests.swift in Sources */ = {isa = PBXBuildFile; fileRef = D43A174029DA90930068F0C7 /* SaWTests.swift */; };
		D43A174B29DA90930068F0C7 /* SaWUITests.swift in Sources */ = {isa = PBXBuildFile; fileRef = D43A174A29DA90930068F0C7 /* SaWUITests.swift */; };
		D43A174D29DA90930068F0C7 /* SaWUITestsLaunchTests.swift in Sources */ = {isa = PBXBuildFile; fileRef = D43A174C29DA90930068F0C7 /* SaWUITestsLaunchTests.swift */; };
/* End PBXBuildFile section */

/* Begin PBXContainerItemProxy section */
		D43A173D29DA90930068F0C7 /* PBXContainerItemProxy */ = {
			isa = PBXContainerItemProxy;
			containerPortal = D43A171E29DA90910068F0C7 /* Project object */;
			proxyType = 1;
			remoteGlobalIDString = D43A172529DA90910068F0C7;
			remoteInfo = SaW;
		};
		D43A174729DA90930068F0C7 /* PBXContainerItemProxy */ = {
			isa = PBXContainerItemProxy;
			containerPortal = D43A171E29DA90910068F0C7 /* Project object */;
			proxyType = 1;
			remoteGlobalIDString = D43A172529DA90910068F0C7;
			remoteInfo = SaW;
		};
/* End PBXContainerItemProxy section */

/* Begin PBXFileReference section */
		D43A172629DA90910068F0C7 /* SaW.app */ = {isa = PBXFileReference; explicitFileType = wrapper.application; includeInIndex = 0; path = SaW.app; sourceTree = BUILT_PRODUCTS_DIR; };
		D43A172929DA90910068F0C7 /* SaWApp.swift */ = {isa = PBXFileReference; lastKnownFileType = sourcecode.swift; path = SaWApp.swift; sourceTree = "<group>"; };
		D43A172B29DA90910068F0C7 /* Persistence.swift */ = {isa = PBXFileReference; lastKnownFileType = sourcecode.swift; path = Persistence.swift; sourceTree = "<group>"; };
		D43A172E29DA90910068F0C7 /* SaW.xcdatamodel */ = {isa = PBXFileReference; lastKnownFileType = wrapper.xcdatamodel; path = SaW.xcdatamodel; sourceTree = "<group>"; };
		D43A173029DA90910068F0C7 /* ContentView.swift */ = {isa = PBXFileReference; lastKnownFileType = sourcecode.swift; path = ContentView.swift; sourceTree = "<group>"; };
		D43A173229DA90930068F0C7 /* Assets.xcassets */ = {isa = PBXFileReference; lastKnownFileType = folder.assetcatalog; path = Assets.xcassets; sourceTree = "<group>"; };
		D43A173429DA90930068F0C7 /* SaW.entitlements */ = {isa = PBXFileReference; lastKnownFileType = text.plist.entitlements; path = SaW.entitlements; sourceTree = "<group>"; };
		D43A173629DA90930068F0C7 /* Preview Assets.xcassets */ = {isa = PBXFileReference; lastKnownFileType = folder.assetcatalog; path = "Preview Assets.xcassets"; sourceTree = "<group>"; };
		D43A173C29DA90930068F0C7 /* SaWTests.xctest */ = {isa = PBXFileReference; explicitFileType = wrapper.cfbundle; includeInIndex = 0; path = SaWTests.xctest; sourceTree = BUILT_PRODUCTS_DIR; };
		D43A174029DA90930068F0C7 /* SaWTests.swift */ = {isa = PBXFileReference; lastKnownFileType = sourcecode.swift; path = SaWTests.swift; sourceTree = "<group>"; };
		D43A174629DA90930068F0C7 /* SaWUITests.xctest */ = {isa = PBXFileReference; explicitFileType = wrapper.cfbundle; includeInIndex = 0; path = SaWUITests.xctest; sourceTree = BUILT_PRODUCTS_DIR; };
		D43A174A29DA90930068F0C7 /* SaWUITests.swift */ = {isa = PBXFileReference; lastKnownFileType = sourcecode.swift; path = SaWUITests.swift; sourceTree = "<group>"; };
		D43A174C29DA90930068F0C7 /* SaWUITestsLaunchTests.swift */ = {isa = PBXFileReference; lastKnownFileType = sourcecode.swift; path = SaWUITestsLaunchTests.swift; sourceTree = "<group>"; };
/* End PBXFileReference section */

/* Begin PBXFrameworksBuildPhase section */
		D43A172329DA90910068F0C7 /* Frameworks */ = {
			isa = PBXFrameworksBuildPhase;
			buildActionMask = 2147483647;
			files = (
			);
			runOnlyForDeploymentPostprocessing = 0;
		};
		D43A173929DA90930068F0C7 /* Frameworks */ = {
			isa = PBXFrameworksBuildPhase;
			buildActionMask = 2147483647;
			files = (
			);
			runOnlyForDeploymentPostprocessing = 0;
		};
		D43A174329DA90930068F0C7 /* Frameworks */ = {
			isa = PBXFrameworksBuildPhase;
			buildActionMask = 2147483647;
			files = (
			);
			runOnlyForDeploymentPostprocessing = 0;
		};
/* End PBXFrameworksBuildPhase section */

/* Begin PBXGroup section */
		D43A171D29DA90910068F0C7 = {
			isa = PBXGroup;
			children = (
				D43A172829DA90910068F0C7 /* SaW */,
				D43A173F29DA90930068F0C7 /* SaWTests */,
				D43A174929DA90930068F0C7 /* SaWUITests */,
				D43A172729DA90910068F0C7 /* Products */,
			);
			sourceTree = "<group>";
		};
		D43A172729DA90910068F0C7 /* Products */ = {
			isa = PBXGroup;
			children = (
				D43A172629DA90910068F0C7 /* SaW.app */,
				D43A173C29DA90930068F0C7 /* SaWTests.xctest */,
				D43A174629DA90930068F0C7 /* SaWUITests.xctest */,
			);
			name = Products;
			sourceTree = "<group>";
		};
		D43A172829DA90910068F0C7 /* SaW */ = {
			isa = PBXGroup;
			children = (
				D43A172929DA90910068F0C7 /* SaWApp.swift */,
				D43A172B29DA90910068F0C7 /* Persistence.swift */,
				D43A173029DA90910068F0C7 /* ContentView.swift */,
				D43A173229DA90930068F0C7 /* Assets.xcassets */,
				D43A173429DA90930068F0C7 /* SaW.entitlements */,
				D43A172D29DA90910068F0C7 /* SaW.xcdatamodeld */,
				D43A173529DA90930068F0C7 /* Preview Content */,
			);
			path = SaW;
			sourceTree = "<group>";
		};
		D43A173529DA90930068F0C7 /* Preview Content */ = {
			isa = PBXGroup;
			children = (
				D43A173629DA90930068F0C7 /* Preview Assets.xcassets */,
			);
			path = "Preview Content";
			sourceTree = "<group>";
		};
		D43A173F29DA90930068F0C7 /* SaWTests */ = {
			isa = PBXGroup;
			children = (
				D43A174029DA90930068F0C7 /* SaWTests.swift */,
			);
			path = SaWTests;
			sourceTree = "<group>";
		};
		D43A174929DA90930068F0C7 /* SaWUITests */ = {
			isa = PBXGroup;
			children = (
				D43A174A29DA90930068F0C7 /* SaWUITests.swift */,
				D43A174C29DA90930068F0C7 /* SaWUITestsLaunchTests.swift */,
			);
			path = SaWUITests;
			sourceTree = "<group>";
		};
/* End PBXGroup section */

/* Begin PBXNativeTarget section */
		D43A172529DA90910068F0C7 /* SaW */ = {
			isa = PBXNativeTarget;
			buildConfigurationList = D43A175029DA90930068F0C7 /* Build configuration list for PBXNativeTarget "SaW" */;
			buildPhases = (
				D43A172229DA90910068F0C7 /* Sources */,
				D43A172329DA90910068F0C7 /* Frameworks */,
				D43A172429DA90910068F0C7 /* Resources */,
			);
			buildRules = (
			);
			dependencies = (
			);
			name = SaW;
			productName = SaW;
			productReference = D43A172629DA90910068F0C7 /* SaW.app */;
			productType = "com.apple.product-type.application";
		};
		D43A173B29DA90930068F0C7 /* SaWTests */ = {
			isa = PBXNativeTarget;
			buildConfigurationList = D43A175329DA90930068F0C7 /* Build configuration list for PBXNativeTarget "SaWTests" */;
			buildPhases = (
				D43A173829DA90930068F0C7 /* Sources */,
				D43A173929DA90930068F0C7 /* Frameworks */,
				D43A173A29DA90930068F0C7 /* Resources */,
			);
			buildRules = (
			);
			dependencies = (
				D43A173E29DA90930068F0C7 /* PBXTargetDependency */,
			);
			name = SaWTests;
			productName = SaWTests;
			productReference = D43A173C29DA90930068F0C7 /* SaWTests.xctest */;
			productType = "com.apple.product-type.bundle.unit-test";
		};
		D43A174529DA90930068F0C7 /* SaWUITests */ = {
			isa = PBXNativeTarget;
			buildConfigurationList = D43A175629DA90930068F0C7 /* Build configuration list for PBXNativeTarget "SaWUITests" */;
			buildPhases = (
				D43A174229DA90930068F0C7 /* Sources */,
				D43A174329DA90930068F0C7 /* Frameworks */,
				D43A174429DA90930068F0C7 /* Resources */,
			);
			buildRules = (
			);
			dependencies = (
				D43A174829DA90930068F0C7 /* PBXTargetDependency */,
			);
			name = SaWUITests;
			productName = SaWUITests;
			productReference = D43A174629DA90930068F0C7 /* SaWUITests.xctest */;
			productType = "com.apple.product-type.bundle.ui-testing";
		};
/* End PBXNativeTarget section */

/* Begin PBXProject section */
		D43A171E29DA90910068F0C7 /* Project object */ = {
			isa = PBXProject;
			attributes = {
				BuildIndependentTargetsInParallel = 1;
				LastSwiftUpdateCheck = 1420;
				LastUpgradeCheck = 1420;
				TargetAttributes = {
					D43A172529DA90910068F0C7 = {
						CreatedOnToolsVersion = 14.2;
					};
					D43A173B29DA90930068F0C7 = {
						CreatedOnToolsVersion = 14.2;
						TestTargetID = D43A172529DA90910068F0C7;
					};
					D43A174529DA90930068F0C7 = {
						CreatedOnToolsVersion = 14.2;
						TestTargetID = D43A172529DA90910068F0C7;
					};
				};
			};
			buildConfigurationList = D43A172129DA90910068F0C7 /* Build configuration list for PBXProject "SaW" */;
			compatibilityVersion = "Xcode 14.0";
			developmentRegion = en;
			hasScannedForEncodings = 0;
			knownRegions = (
				en,
				Base,
			);
			mainGroup = D43A171D29DA90910068F0C7;
			productRefGroup = D43A172729DA90910068F0C7 /* Products */;
			projectDirPath = "";
			projectRoot = "";
			targets = (
				D43A172529DA90910068F0C7 /* SaW */,
				D43A173B29DA90930068F0C7 /* SaWTests */,
				D43A174529DA90930068F0C7 /* SaWUITests */,
			);
		};
/* End PBXProject section */

/* Begin PBXResourcesBuildPhase section */
		D43A172429DA90910068F0C7 /* Resources */ = {
			isa = PBXResourcesBuildPhase;
			buildActionMask = 2147483647;
			files = (
				D43A173729DA90930068F0C7 /* Preview Assets.xcassets in Resources */,
				D43A173329DA90930068F0C7 /* Assets.xcassets in Resources */,
			);
			runOnlyForDeploymentPostprocessing = 0;
		};
		D43A173A29DA90930068F0C7 /* Resources */ = {
			isa = PBXResourcesBuildPhase;
			buildActionMask = 2147483647;
			files = (
			);
			runOnlyForDeploymentPostprocessing = 0;
		};
		D43A174429DA90930068F0C7 /* Resources */ = {
			isa = PBXResourcesBuildPhase;
			buildActionMask = 2147483647;
			files = (
			);
			runOnlyForDeploymentPostprocessing = 0;
		};
/* End PBXResourcesBuildPhase section */

/* Begin PBXSourcesBuildPhase section */
		D43A172229DA90910068F0C7 /* Sources */ = {
			isa = PBXSourcesBuildPhase;
			buildActionMask = 2147483647;
			files = (
				D43A172F29DA90910068F0C7 /* SaW.xcdatamodeld in Sources */,
				D43A172A29DA90910068F0C7 /* SaWApp.swift in Sources */,
				D43A173129DA90910068F0C7 /* ContentView.swift in Sources */,
				D43A172C29DA90910068F0C7 /* Persistence.swift in Sources */,
			);
			runOnlyForDeploymentPostprocessing = 0;
		};
		D43A173829DA90930068F0C7 /* Sources */ = {
			isa = PBXSourcesBuildPhase;
			buildActionMask = 2147483647;
			files = (
				D43A174129DA90930068F0C7 /* SaWTests.swift in Sources */,
			);
			runOnlyForDeploymentPostprocessing = 0;
		};
		D43A174229DA90930068F0C7 /* Sources */ = {
			isa = PBXSourcesBuildPhase;
			buildActionMask = 2147483647;
			files = (
				D43A174D29DA90930068F0C7 /* SaWUITestsLaunchTests.swift in Sources */,
				D43A174B29DA90930068F0C7 /* SaWUITests.swift in Sources */,
			);
			runOnlyForDeploymentPostprocessing = 0;
		};
/* End PBXSourcesBuildPhase section */

/* Begin PBXTargetDependency section */
		D43A173E29DA90930068F0C7 /* PBXTargetDependency */ = {
			isa = PBXTargetDependency;
			target = D43A172529DA90910068F0C7 /* SaW */;
			targetProxy = D43A173D29DA90930068F0C7 /* PBXContainerItemProxy */;
		};
		D43A174829DA90930068F0C7 /* PBXTargetDependency */ = {
			isa = PBXTargetDependency;
			target = D43A172529DA90910068F0C7 /* SaW */;
			targetProxy = D43A174729DA90930068F0C7 /* PBXContainerItemProxy */;
		};
/* End PBXTargetDependency section */

/* Begin XCBuildConfiguration section */
		D43A174E29DA90930068F0C7 /* Debug */ = {
			isa = XCBuildConfiguration;
			buildSettings = {
				ALWAYS_SEARCH_USER_PATHS = NO;
				CLANG_ANALYZER_NONNULL = YES;
				CLANG_ANALYZER_NUMBER_OBJECT_CONVERSION = YES_AGGRESSIVE;
				CLANG_CXX_LANGUAGE_STANDARD = "gnu++20";
				CLANG_ENABLE_MODULES = YES;
				CLANG_ENABLE_OBJC_ARC = YES;
				CLANG_ENABLE_OBJC_WEAK = YES;
				CLANG_WARN_BLOCK_CAPTURE_AUTORELEASING = YES;
				CLANG_WARN_BOOL_CONVERSION = YES;
				CLANG_WARN_COMMA = YES;
				CLANG_WARN_CONSTANT_CONVERSION = YES;
				CLANG_WARN_DEPRECATED_OBJC_IMPLEMENTATIONS = YES;
				CLANG_WARN_DIRECT_OBJC_ISA_USAGE = YES_ERROR;
				CLANG_WARN_DOCUMENTATION_COMMENTS = YES;
				CLANG_WARN_EMPTY_BODY = YES;
				CLANG_WARN_ENUM_CONVERSION = YES;
				CLANG_WARN_INFINITE_RECURSION = YES;
				CLANG_WARN_INT_CONVERSION = YES;
				CLANG_WARN_NON_LITERAL_NULL_CONVERSION = YES;
				CLANG_WARN_OBJC_IMPLICIT_RETAIN_SELF = YES;
				CLANG_WARN_OBJC_LITERAL_CONVERSION = YES;
				CLANG_WARN_OBJC_ROOT_CLASS = YES_ERROR;
				CLANG_WARN_QUOTED_INCLUDE_IN_FRAMEWORK_HEADER = YES;
				CLANG_WARN_RANGE_LOOP_ANALYSIS = YES;
				CLANG_WARN_STRICT_PROTOTYPES = YES;
				CLANG_WARN_SUSPICIOUS_MOVE = YES;
				CLANG_WARN_UNGUARDED_AVAILABILITY = YES_AGGRESSIVE;
				CLANG_WARN_UNREACHABLE_CODE = YES;
				CLANG_WARN__DUPLICATE_METHOD_MATCH = YES;
				COPY_PHASE_STRIP = NO;
				DEBUG_INFORMATION_FORMAT = dwarf;
				ENABLE_STRICT_OBJC_MSGSEND = YES;
				ENABLE_TESTABILITY = YES;
				GCC_C_LANGUAGE_STANDARD = gnu11;
				GCC_DYNAMIC_NO_PIC = NO;
				GCC_NO_COMMON_BLOCKS = YES;
				GCC_OPTIMIZATION_LEVEL = 0;
				GCC_PREPROCESSOR_DEFINITIONS = (
					"DEBUG=1",
					"$(inherited)",
				);
				GCC_WARN_64_TO_32_BIT_CONVERSION = YES;
				GCC_WARN_ABOUT_RETURN_TYPE = YES_ERROR;
				GCC_WARN_UNDECLARED_SELECTOR = YES;
				GCC_WARN_UNINITIALIZED_AUTOS = YES_AGGRESSIVE;
				GCC_WARN_UNUSED_FUNCTION = YES;
				GCC_WARN_UNUSED_VARIABLE = YES;
				MTL_ENABLE_DEBUG_INFO = INCLUDE_SOURCE;
				MTL_FAST_MATH = YES;
				ONLY_ACTIVE_ARCH = YES;
				SWIFT_ACTIVE_COMPILATION_CONDITIONS = DEBUG;
				SWIFT_OPTIMIZATION_LEVEL = "-Onone";
			};
			name = Debug;
		};
		D43A174F29DA90930068F0C7 /* Release */ = {
			isa = XCBuildConfiguration;
			buildSettings = {
				ALWAYS_SEARCH_USER_PATHS = NO;
				CLANG_ANALYZER_NONNULL = YES;
				CLANG_ANALYZER_NUMBER_OBJECT_CONVERSION = YES_AGGRESSIVE;
				CLANG_CXX_LANGUAGE_STANDARD = "gnu++20";
				CLANG_ENABLE_MODULES = YES;
				CLANG_ENABLE_OBJC_ARC = YES;
				CLANG_ENABLE_OBJC_WEAK = YES;
				CLANG_WARN_BLOCK_CAPTURE_AUTORELEASING = YES;
				CLANG_WARN_BOOL_CONVERSION = YES;
				CLANG_WARN_COMMA = YES;
				CLANG_WARN_CONSTANT_CONVERSION = YES;
				CLANG_WARN_DEPRECATED_OBJC_IMPLEMENTATIONS = YES;
				CLANG_WARN_DIRECT_OBJC_ISA_USAGE = YES_ERROR;
				CLANG_WARN_DOCUMENTATION_COMMENTS = YES;
				CLANG_WARN_EMPTY_BODY = YES;
				CLANG_WARN_ENUM_CONVERSION = YES;
				CLANG_WARN_INFINITE_RECURSION = YES;
				CLANG_WARN_INT_CONVERSION = YES;
				CLANG_WARN_NON_LITERAL_NULL_CONVERSION = YES;
				CLANG_WARN_OBJC_IMPLICIT_RETAIN_SELF = YES;
				CLANG_WARN_OBJC_LITERAL_CONVERSION = YES;
				CLANG_WARN_OBJC_ROOT_CLASS = YES_ERROR;
				CLANG_WARN_QUOTED_INCLUDE_IN_FRAMEWORK_HEADER = YES;
				CLANG_WARN_RANGE_LOOP_ANALYSIS = YES;
				CLANG_WARN_STRICT_PROTOTYPES = YES;
				CLANG_WARN_SUSPICIOUS_MOVE = YES;
				CLANG_WARN_UNGUARDED_AVAILABILITY = YES_AGGRESSIVE;
				CLANG_WARN_UNREACHABLE_CODE = YES;
				CLANG_WARN__DUPLICATE_METHOD_MATCH = YES;
				COPY_PHASE_STRIP = NO;
				DEBUG_INFORMATION_FORMAT = "dwarf-with-dsym";
				ENABLE_NS_ASSERTIONS = NO;
				ENABLE_STRICT_OBJC_MSGSEND = YES;
				GCC_C_LANGUAGE_STANDARD = gnu11;
				GCC_NO_COMMON_BLOCKS = YES;
				GCC_WARN_64_TO_32_BIT_CONVERSION = YES;
				GCC_WARN_ABOUT_RETURN_TYPE = YES_ERROR;
				GCC_WARN_UNDECLARED_SELECTOR = YES;
				GCC_WARN_UNINITIALIZED_AUTOS = YES_AGGRESSIVE;
				GCC_WARN_UNUSED_FUNCTION = YES;
				GCC_WARN_UNUSED_VARIABLE = YES;
				MTL_ENABLE_DEBUG_INFO = NO;
				MTL_FAST_MATH = YES;
				SWIFT_COMPILATION_MODE = wholemodule;
				SWIFT_OPTIMIZATION_LEVEL = "-O";
			};
			name = Release;
		};
		D43A175129DA90930068F0C7 /* Debug */ = {
			isa = XCBuildConfiguration;
			buildSettings = {
				ASSETCATALOG_COMPILER_APPICON_NAME = AppIcon;
				ASSETCATALOG_COMPILER_GLOBAL_ACCENT_COLOR_NAME = AccentColor;
				CODE_SIGN_ENTITLEMENTS = SaW/SaW.entitlements;
				CODE_SIGN_STYLE = Automatic;
				CURRENT_PROJECT_VERSION = 1;
				DEVELOPMENT_ASSET_PATHS = "\"SaW/Preview Content\"";
				DEVELOPMENT_TEAM = 4RAV5WGY4B;
				ENABLE_HARDENED_RUNTIME = YES;
				ENABLE_PREVIEWS = YES;
				GENERATE_INFOPLIST_FILE = YES;
				"INFOPLIST_KEY_UIApplicationSceneManifest_Generation[sdk=iphoneos*]" = YES;
				"INFOPLIST_KEY_UIApplicationSceneManifest_Generation[sdk=iphonesimulator*]" = YES;
				"INFOPLIST_KEY_UIApplicationSupportsIndirectInputEvents[sdk=iphoneos*]" = YES;
				"INFOPLIST_KEY_UIApplicationSupportsIndirectInputEvents[sdk=iphonesimulator*]" = YES;
				"INFOPLIST_KEY_UILaunchScreen_Generation[sdk=iphoneos*]" = YES;
				"INFOPLIST_KEY_UILaunchScreen_Generation[sdk=iphonesimulator*]" = YES;
				"INFOPLIST_KEY_UIStatusBarStyle[sdk=iphoneos*]" = UIStatusBarStyleDefault;
				"INFOPLIST_KEY_UIStatusBarStyle[sdk=iphonesimulator*]" = UIStatusBarStyleDefault;
				INFOPLIST_KEY_UISupportedInterfaceOrientations_iPad = "UIInterfaceOrientationPortrait UIInterfaceOrientationPortraitUpsideDown UIInterfaceOrientationLandscapeLeft UIInterfaceOrientationLandscapeRight";
				INFOPLIST_KEY_UISupportedInterfaceOrientations_iPhone = "UIInterfaceOrientationPortrait UIInterfaceOrientationLandscapeLeft UIInterfaceOrientationLandscapeRight";
				IPHONEOS_DEPLOYMENT_TARGET = 16.2;
				LD_RUNPATH_SEARCH_PATHS = "@executable_path/Frameworks";
				"LD_RUNPATH_SEARCH_PATHS[sdk=macosx*]" = "@executable_path/../Frameworks";
				MACOSX_DEPLOYMENT_TARGET = 12.6;
				MARKETING_VERSION = 1.0;
				PRODUCT_BUNDLE_IDENTIFIER = com.stratinmotion.SaW;
				PRODUCT_NAME = "$(TARGET_NAME)";
				SDKROOT = auto;
				SUPPORTED_PLATFORMS = "iphoneos iphonesimulator macosx";
				SWIFT_EMIT_LOC_STRINGS = YES;
				SWIFT_VERSION = 5.0;
				TARGETED_DEVICE_FAMILY = "1,2";
			};
			name = Debug;
		};
		D43A175229DA90930068F0C7 /* Release */ = {
			isa = XCBuildConfiguration;
			buildSettings = {
				ASSETCATALOG_COMPILER_APPICON_NAME = AppIcon;
				ASSETCATALOG_COMPILER_GLOBAL_ACCENT_COLOR_NAME = AccentColor;
				CODE_SIGN_ENTITLEMENTS = SaW/SaW.entitlements;
				CODE_SIGN_STYLE = Automatic;
				CURRENT_PROJECT_VERSION = 1;
				DEVELOPMENT_ASSET_PATHS = "\"SaW/Preview Content\"";
				DEVELOPMENT_TEAM = 4RAV5WGY4B;
				ENABLE_HARDENED_RUNTIME = YES;
				ENABLE_PREVIEWS = YES;
				GENERATE_INFOPLIST_FILE = YES;
				"INFOPLIST_KEY_UIApplicationSceneManifest_Generation[sdk=iphoneos*]" = YES;
				"INFOPLIST_KEY_UIApplicationSceneManifest_Generation[sdk=iphonesimulator*]" = YES;
				"INFOPLIST_KEY_UIApplicationSupportsIndirectInputEvents[sdk=iphoneos*]" = YES;
				"INFOPLIST_KEY_UIApplicationSupportsIndirectInputEvents[sdk=iphonesimulator*]" = YES;
				"INFOPLIST_KEY_UILaunchScreen_Generation[sdk=iphoneos*]" = YES;
				"INFOPLIST_KEY_UILaunchScreen_Generation[sdk=iphonesimulator*]" = YES;
				"INFOPLIST_KEY_UIStatusBarStyle[sdk=iphoneos*]" = UIStatusBarStyleDefault;
				"INFOPLIST_KEY_UIStatusBarStyle[sdk=iphonesimulator*]" = UIStatusBarStyleDefault;
				INFOPLIST_KEY_UISupportedInterfaceOrientations_iPad = "UIInterfaceOrientationPortrait UIInterfaceOrientationPortraitUpsideDown UIInterfaceOrientationLandscapeLeft UIInterfaceOrientationLandscapeRight";
				INFOPLIST_KEY_UISupportedInterfaceOrientations_iPhone = "UIInterfaceOrientationPortrait UIInterfaceOrientationLandscapeLeft UIInterfaceOrientationLandscapeRight";
				IPHONEOS_DEPLOYMENT_TARGET = 16.2;
				LD_RUNPATH_SEARCH_PATHS = "@executable_path/Frameworks";
				"LD_RUNPATH_SEARCH_PATHS[sdk=macosx*]" = "@executable_path/../Frameworks";
				MACOSX_DEPLOYMENT_TARGET = 12.6;
				MARKETING_VERSION = 1.0;
				PRODUCT_BUNDLE_IDENTIFIER = com.stratinmotion.SaW;
				PRODUCT_NAME = "$(TARGET_NAME)";
				SDKROOT = auto;
				SUPPORTED_PLATFORMS = "iphoneos iphonesimulator macosx";
				SWIFT_EMIT_LOC_STRINGS = YES;
				SWIFT_VERSION = 5.0;
				TARGETED_DEVICE_FAMILY = "1,2";
			};
			name = Release;
		};
		D43A175429DA90930068F0C7 /* Debug */ = {
			isa = XCBuildConfiguration;
			buildSettings = {
				ALWAYS_EMBED_SWIFT_STANDARD_LIBRARIES = YES;
				BUNDLE_LOADER = "$(TEST_HOST)";
				CODE_SIGN_STYLE = Automatic;
				CURRENT_PROJECT_VERSION = 1;
				DEVELOPMENT_TEAM = 4RAV5WGY4B;
				GENERATE_INFOPLIST_FILE = YES;
				IPHONEOS_DEPLOYMENT_TARGET = 16.2;
				MACOSX_DEPLOYMENT_TARGET = 12.6;
				MARKETING_VERSION = 1.0;
				PRODUCT_BUNDLE_IDENTIFIER = com.stratinmotion.SaWTests;
				PRODUCT_NAME = "$(TARGET_NAME)";
				SDKROOT = auto;
				SUPPORTED_PLATFORMS = "iphoneos iphonesimulator macosx";
				SWIFT_EMIT_LOC_STRINGS = NO;
				SWIFT_VERSION = 5.0;
				TARGETED_DEVICE_FAMILY = "1,2";
				TEST_HOST = "$(BUILT_PRODUCTS_DIR)/SaW.app/$(BUNDLE_EXECUTABLE_FOLDER_PATH)/SaW";
			};
			name = Debug;
		};
		D43A175529DA90930068F0C7 /* Release */ = {
			isa = XCBuildConfiguration;
			buildSettings = {
				ALWAYS_EMBED_SWIFT_STANDARD_LIBRARIES = YES;
				BUNDLE_LOADER = "$(TEST_HOST)";
				CODE_SIGN_STYLE = Automatic;
				CURRENT_PROJECT_VERSION = 1;
				DEVELOPMENT_TEAM = 4RAV5WGY4B;
				GENERATE_INFOPLIST_FILE = YES;
				IPHONEOS_DEPLOYMENT_TARGET = 16.2;
				MACOSX_DEPLOYMENT_TARGET = 12.6;
				MARKETING_VERSION = 1.0;
				PRODUCT_BUNDLE_IDENTIFIER = com.stratinmotion.SaWTests;
				PRODUCT_NAME = "$(TARGET_NAME)";
				SDKROOT = auto;
				SUPPORTED_PLATFORMS = "iphoneos iphonesimulator macosx";
				SWIFT_EMIT_LOC_STRINGS = NO;
				SWIFT_VERSION = 5.0;
				TARGETED_DEVICE_FAMILY = "1,2";
				TEST_HOST = "$(BUILT_PRODUCTS_DIR)/SaW.app/$(BUNDLE_EXECUTABLE_FOLDER_PATH)/SaW";
			};
			name = Release;
		};
		D43A175729DA90930068F0C7 /* Debug */ = {
			isa = XCBuildConfiguration;
			buildSettings = {
				ALWAYS_EMBED_SWIFT_STANDARD_LIBRARIES = YES;
				CODE_SIGN_STYLE = Automatic;
				CURRENT_PROJECT_VERSION = 1;
				DEVELOPMENT_TEAM = 4RAV5WGY4B;
				GENERATE_INFOPLIST_FILE = YES;
				IPHONEOS_DEPLOYMENT_TARGET = 16.2;
				MACOSX_DEPLOYMENT_TARGET = 12.6;
				MARKETING_VERSION = 1.0;
				PRODUCT_BUNDLE_IDENTIFIER = com.stratinmotion.SaWUITests;
				PRODUCT_NAME = "$(TARGET_NAME)";
				SDKROOT = auto;
				SUPPORTED_PLATFORMS = "iphoneos iphonesimulator macosx";
				SWIFT_EMIT_LOC_STRINGS = NO;
				SWIFT_VERSION = 5.0;
				TARGETED_DEVICE_FAMILY = "1,2";
				TEST_TARGET_NAME = SaW;
			};
			name = Debug;
		};
		D43A175829DA90930068F0C7 /* Release */ = {
			isa = XCBuildConfiguration;
			buildSettings = {
				ALWAYS_EMBED_SWIFT_STANDARD_LIBRARIES = YES;
				CODE_SIGN_STYLE = Automatic;
				CURRENT_PROJECT_VERSION = 1;
				DEVELOPMENT_TEAM = 4RAV5WGY4B;
				GENERATE_INFOPLIST_FILE = YES;
				IPHONEOS_DEPLOYMENT_TARGET = 16.2;
				MACOSX_DEPLOYMENT_TARGET = 12.6;
				MARKETING_VERSION = 1.0;
				PRODUCT_BUNDLE_IDENTIFIER = com.stratinmotion.SaWUITests;
				PRODUCT_NAME = "$(TARGET_NAME)";
				SDKROOT = auto;
				SUPPORTED_PLATFORMS = "iphoneos iphonesimulator macosx";
				SWIFT_EMIT_LOC_STRINGS = NO;
				SWIFT_VERSION = 5.0;
				TARGETED_DEVICE_FAMILY = "1,2";
				TEST_TARGET_NAME = SaW;
			};
			name = Release;
		};
/* End XCBuildConfiguration section */

/* Begin XCConfigurationList section */
		D43A172129DA90910068F0C7 /* Build configuration list for PBXProject "SaW" */ = {
			isa = XCConfigurationList;
			buildConfigurations = (
				D43A174E29DA90930068F0C7 /* Debug */,
				D43A174F29DA90930068F0C7 /* Release */,
			);
			defaultConfigurationIsVisible = 0;
			defaultConfigurationName = Release;
		};
		D43A175029DA90930068F0C7 /* Build configuration list for PBXNativeTarget "SaW" */ = {
			isa = XCConfigurationList;
			buildConfigurations = (
				D43A175129DA90930068F0C7 /* Debug */,
				D43A175229DA90930068F0C7 /* Release */,
			);
			defaultConfigurationIsVisible = 0;
			defaultConfigurationName = Release;
		};
		D43A175329DA90930068F0C7 /* Build configuration list for PBXNativeTarget "SaWTests" */ = {
			isa = XCConfigurationList;
			buildConfigurations = (
				D43A175429DA90930068F0C7 /* Debug */,
				D43A175529DA90930068F0C7 /* Release */,
			);
			defaultConfigurationIsVisible = 0;
			defaultConfigurationName = Release;
		};
		D43A175629DA90930068F0C7 /* Build configuration list for PBXNativeTarget "SaWUITests" */ = {
			isa = XCConfigurationList;
			buildConfigurations = (
				D43A175729DA90930068F0C7 /* Debug */,
				D43A175829DA90930068F0C7 /* Release */,
			);
			defaultConfigurationIsVisible = 0;
			defaultConfigurationName = Release;
		};
/* End XCConfigurationList section */

/* Begin XCVersionGroup section */
		D43A172D29DA90910068F0C7 /* SaW.xcdatamodeld */ = {
			isa = XCVersionGroup;
			children = (
				D43A172E29DA90910068F0C7 /* SaW.xcdatamodel */,
			);
			currentVersion = D43A172E29DA90910068F0C7 /* SaW.xcdatamodel */;
			path = SaW.xcdatamodeld;
			sourceTree = "<group>";
			versionGroupType = wrapper.xcdatamodel;
		};
/* End XCVersionGroup section */
	};
	rootObject = D43A171E29DA90910068F0C7 /* Project object */;
}
